
Microsoft Visual Studio Solution File, Format Version 12.00
# Visual Studio Version 17
VisualStudioVersion = 17.2.32630.192
MinimumVisualStudioVersion = 10.0.40219.1
Project("{FAE04EC0-301F-11D3-BF4B-00C04F79EFBC}") = "Algorithms", "Algorithms\Algorithms.csproj", "{31F99837-A3C2-4210-8458-818C3AA1EE66}"
EndProject
Global
	GlobalSection(SolutionConfigurationPlatforms) = preSolution
		Debug|Any CPU = Debug|Any CPU
		Release|Any CPU = Release|Any CPU
	EndGlobalSection
	GlobalSection(ProjectConfigurationPlatforms) = postSolution
		{31F99837-A3C2-4210-8458-818C3AA1EE66}.Debug|Any CPU.ActiveCfg = Debug|Any CPU
		{31F99837-A3C2-4210-8458-818C3AA1EE66}.Debug|Any CPU.Build.0 = Debug|Any CPU
		{31F99837-A3C2-4210-8458-818C3AA1EE66}.Release|Any CPU.ActiveCfg = Release|Any CPU
		{31F99837-A3C2-4210-8458-818C3AA1EE66}.Release|Any CPU.Build.0 = Release|Any CPU
	EndGlobalSection
	GlobalSection(SolutionProperties) = preSolution
		HideSolutionNode = FALSE
	EndGlobalSection
	GlobalSection(ExtensibilityGlobals) = postSolution
		SolutionGuid = {0E0E7CAA-8DDF-4362-9968-3B123864137F}
	EndGlobalSection
EndGlobal
